
Microsoft Visual Studio Solution File, Format Version 12.00
# Visual Studio Version 16
VisualStudioVersion = 16.0.30204.135
MinimumVisualStudioVersion = 10.0.40219.1
Project("{FAE04EC0-301F-11D3-BF4B-00C04F79EFBC}") = "Campeonato.App.Android", "Campeonato.App\Campeonato.App.Android\Campeonato.App.Android.csproj", "{8D89C323-74D7-43CF-BF89-D0BBFF2BFCDB}"
EndProject
Project("{FAE04EC0-301F-11D3-BF4B-00C04F79EFBC}") = "Campeonato.App", "Campeonato.App\Campeonato.App\Campeonato.App.csproj", "{92B676EA-C4FD-4578-9DB5-9F9A240FE0BB}"
EndProject
Global
	GlobalSection(SolutionConfigurationPlatforms) = preSolution
		Debug|Any CPU = Debug|Any CPU
		Release|Any CPU = Release|Any CPU
	EndGlobalSection
	GlobalSection(ProjectConfigurationPlatforms) = postSolution
		{8D89C323-74D7-43CF-BF89-D0BBFF2BFCDB}.Debug|Any CPU.ActiveCfg = Debug|Any CPU
		{8D89C323-74D7-43CF-BF89-D0BBFF2BFCDB}.Debug|Any CPU.Build.0 = Debug|Any CPU
		{8D89C323-74D7-43CF-BF89-D0BBFF2BFCDB}.Debug|Any CPU.Deploy.0 = Debug|Any CPU
		{8D89C323-74D7-43CF-BF89-D0BBFF2BFCDB}.Release|Any CPU.ActiveCfg = Release|Any CPU
		{8D89C323-74D7-43CF-BF89-D0BBFF2BFCDB}.Release|Any CPU.Build.0 = Release|Any CPU
		{8D89C323-74D7-43CF-BF89-D0BBFF2BFCDB}.Release|Any CPU.Deploy.0 = Release|Any CPU
		{92B676EA-C4FD-4578-9DB5-9F9A240FE0BB}.Debug|Any CPU.ActiveCfg = Debug|Any CPU
		{92B676EA-C4FD-4578-9DB5-9F9A240FE0BB}.Debug|Any CPU.Build.0 = Debug|Any CPU
		{92B676EA-C4FD-4578-9DB5-9F9A240FE0BB}.Debug|Any CPU.Deploy.0 = Debug|Any CPU
		{92B676EA-C4FD-4578-9DB5-9F9A240FE0BB}.Release|Any CPU.ActiveCfg = Release|Any CPU
		{92B676EA-C4FD-4578-9DB5-9F9A240FE0BB}.Release|Any CPU.Build.0 = Release|Any CPU
		{92B676EA-C4FD-4578-9DB5-9F9A240FE0BB}.Release|Any CPU.Deploy.0 = Release|Any CPU
	EndGlobalSection
	GlobalSection(SolutionProperties) = preSolution
		HideSolutionNode = FALSE
	EndGlobalSection
	GlobalSection(ExtensibilityGlobals) = postSolution
		SolutionGuid = {25C055BD-4C5E-4703-95B8-76ED6315A26E}
	EndGlobalSection
EndGlobal
